
Microsoft Visual Studio Solution File, Format Version 12.00
# Visual Studio Version 17
VisualStudioVersion = 17.3.32804.467
MinimumVisualStudioVersion = 10.0.40219.1
Project("{2150E333-8FDC-42A3-9474-1A3956D46DE8}") = "solution Items", "solution Items", "{8ABEA7BE-2CB6-499A-A09E-7D836F189422}"
	ProjectSection(SolutionItems) = preProject
		..\.gitattributes = ..\.gitattributes
		..\.gitignore = ..\.gitignore
		code\directory.build.props = code\directory.build.props
		..\license.txt = ..\license.txt
		..\product.props = ..\product.props
		..\product_version.props = ..\product_version.props
	EndProjectSection
EndProject
Project("{2150E333-8FDC-42A3-9474-1A3956D46DE8}") = "quality", "quality", "{0A927ED1-E2A0-4128-AF7A-CF7152E404F5}"
	ProjectSection(SolutionItems) = preProject
		quality\directory.build.props = quality\directory.build.props
	EndProjectSection
EndProject
Project("{9A19103F-16F7-4668-BE54-9A1E7A4F7556}") = "Lexicon", "code\Lexicon\Lexicon.csproj", "{E78D3E9D-DCE3-4A06-9383-1748B154CA63}"
EndProject
Project("{9A19103F-16F7-4668-BE54-9A1E7A4F7556}") = "Lexicon.DependencyInjection.Autofac", "code\Lexicon.DependencyInjection.Autofac\Lexicon.DependencyInjection.Autofac.csproj", "{E6448DBB-C396-48CF-B8FA-EAFD33BC4D74}"
EndProject
Project("{9A19103F-16F7-4668-BE54-9A1E7A4F7556}") = "Lexicon.WebApi", "code\Lexicon.WebApi\Lexicon.WebApi.csproj", "{4454B8EF-BD85-4E7A-A6DB-403EE752A26D}"
EndProject
Project("{9A19103F-16F7-4668-BE54-9A1E7A4F7556}") = "Lexicon.Data", "code\Lexicon.Data\Lexicon.Data.csproj", "{2C1FD032-F04F-4CA0-82EA-2D41E5CC5FEB}"
EndProject
Project("{9A19103F-16F7-4668-BE54-9A1E7A4F7556}") = "Lexicon.WebApi__Tests", "quality\Lexicon.WebApi__Tests\Lexicon.WebApi__Tests.csproj", "{BCDF05BA-F8BC-4F81-AF42-335D4336E5E2}"
EndProject
Project("{9A19103F-16F7-4668-BE54-9A1E7A4F7556}") = "Lexicon__TestReady", "quality\Lexicon__TestReady\Lexicon__TestReady.csproj", "{18B2D96F-4076-4BA4-B544-6D38BFA23B74}"
EndProject
Project("{9A19103F-16F7-4668-BE54-9A1E7A4F7556}") = "Lexicon__Tests", "quality\Lexicon__Tests\Lexicon__Tests.csproj", "{D41FB88B-E9DB-4DC5-8942-E2AA45EA4950}"
EndProject
Project("{2150E333-8FDC-42A3-9474-1A3956D46DE8}") = "cicd", "cicd", "{662387C7-0662-4174-9BCB-C55D393CA944}"
	ProjectSection(SolutionItems) = preProject
		..\.github\workflows\analyse-code.yml = ..\.github\workflows\analyse-code.yml
		..\.github\workflows\build.yml = ..\.github\workflows\build.yml
		..\.github\workflows\clean-history.yml = ..\.github\workflows\clean-history.yml
		..\.github\dependabot.yml = ..\.github\dependabot.yml
		..\.github\workflows\lint-code.yml = ..\.github\workflows\lint-code.yml
		..\.github\workflows\lint-commit.yml = ..\.github\workflows\lint-commit.yml
		..\.github\workflows\lint-config.yml = ..\.github\workflows\lint-config.yml
		..\.github\workflows\lint-docs.yml = ..\.github\workflows\lint-docs.yml
		..\.github\workflows\release.yml = ..\.github\workflows\release.yml
	EndProjectSection
EndProject
Project("{9A19103F-16F7-4668-BE54-9A1E7A4F7556}") = "Lexicon.Cli", "code\Lexicon.Cli\Lexicon.Cli.csproj", "{988E4650-20F4-47EA-AA8C-05E8A0FDA427}"
EndProject
Project("{9A19103F-16F7-4668-BE54-9A1E7A4F7556}") = "Lexicon.SQLite", "code\Lexicon.SQLite\Lexicon.SQLite.csproj", "{7408DAD7-AF5F-49FD-83E8-1B91BD64AB08}"
EndProject
Project("{2150E333-8FDC-42A3-9474-1A3956D46DE8}") = "doc", "doc", "{74D1E24C-C8AF-4993-9EB2-4AE00C54C4D8}"
	ProjectSection(SolutionItems) = preProject
		..\doc\conventions.md = ..\doc\conventions.md
		..\readme.md = ..\readme.md
	EndProjectSection
EndProject
Project("{9A19103F-16F7-4668-BE54-9A1E7A4F7556}") = "Lexicon.Data__Tests", "quality\Lexicon.Data__Tests\Lexicon.Data__Tests.csproj", "{BDCC3F40-FF30-4C93-B72D-41A4443A8343}"
EndProject
Project("{9A19103F-16F7-4668-BE54-9A1E7A4F7556}") = "Lexicon.SQLite__Tests", "quality\Lexicon.SQLite__Tests\Lexicon.SQLite__Tests.csproj", "{3459A519-3709-4484-83D1-2AC01F235D7B}"
EndProject
Project("{2150E333-8FDC-42A3-9474-1A3956D46DE8}") = "cmd", "cmd", "{FFC154C8-45E1-4EE4-BCE4-B12D04F46950}"
	ProjectSection(SolutionItems) = preProject
		..\publishAndDeploy.ps1 = ..\publishAndDeploy.ps1
		..\run.ps1 = ..\run.ps1
		..\cmd\tagCommitAsRelease.ps1 = ..\cmd\tagCommitAsRelease.ps1
		..\cmd\updateProductVersion.ps1 = ..\cmd\updateProductVersion.ps1
	EndProjectSection
EndProject
Project("{9A19103F-16F7-4668-BE54-9A1E7A4F7556}") = "Lexicon.Cli__Tests", "quality\Lexicon.Cli__Tests\Lexicon.Cli__Tests.csproj", "{425E1215-AD36-44DF-8136-CDDE6BF3C305}"
EndProject
Project("{9A19103F-16F7-4668-BE54-9A1E7A4F7556}") = "Lexicon.EntityFramework", "code\Lexicon.EntityFramework\Lexicon.EntityFramework.csproj", "{8C33B8A2-E361-47AB-8016-55D34E10C81E}"
EndProject
Project("{9A19103F-16F7-4668-BE54-9A1E7A4F7556}") = "Lexicon.EntityFramework__Tests", "quality\Lexicon.EntityFramework__Tests\Lexicon.EntityFramework__Tests.csproj", "{7B85092B-9EE9-45E8-8F46-006AF5FD07CB}"
EndProject
Project("{2150E333-8FDC-42A3-9474-1A3956D46DE8}") = "configs", "configs", "{B7C9E064-D4BE-469C-B811-8415F5DC79AD}"
	ProjectSection(SolutionItems) = preProject
		..\.github\commitlint_config.js = ..\.github\commitlint_config.js
		..\.github\markdownlint.yml = ..\.github\markdownlint.yml
		..\.github\spellcheck.yml = ..\.github\spellcheck.yml
		..\.github\wordlist.txt = ..\.github\wordlist.txt
		..\.github\yamllint.yml = ..\.github\yamllint.yml
	EndProjectSection
EndProject
Project("{2150E333-8FDC-42A3-9474-1A3956D46DE8}") = "templates", "templates", "{1788F87E-39C5-4639-8106-ECADB5BD9F62}"
	ProjectSection(SolutionItems) = preProject
		..\.github\ISSUE_TEMPLATE\bug_report.md = ..\.github\ISSUE_TEMPLATE\bug_report.md
		..\.github\ISSUE_TEMPLATE\feature_request.md = ..\.github\ISSUE_TEMPLATE\feature_request.md
		..\.github\ISSUE_TEMPLATE\documentation_request.md = ..\.github\ISSUE_TEMPLATE\documentation_request.md
		..\.github\pull_request_template.md = ..\.github\pull_request_template.md
		..\.github\ISSUE_TEMPLATE\question_request.md = ..\.github\ISSUE_TEMPLATE\question_request.md
	EndProjectSection
EndProject
Global
	GlobalSection(SolutionConfigurationPlatforms) = preSolution
		Debug|Any CPU = Debug|Any CPU
		Release|Any CPU = Release|Any CPU
	EndGlobalSection
	GlobalSection(ProjectConfigurationPlatforms) = postSolution
		{E78D3E9D-DCE3-4A06-9383-1748B154CA63}.Debug|Any CPU.ActiveCfg = Debug|Any CPU
		{E78D3E9D-DCE3-4A06-9383-1748B154CA63}.Debug|Any CPU.Build.0 = Debug|Any CPU
		{E78D3E9D-DCE3-4A06-9383-1748B154CA63}.Release|Any CPU.ActiveCfg = Release|Any CPU
		{E78D3E9D-DCE3-4A06-9383-1748B154CA63}.Release|Any CPU.Build.0 = Release|Any CPU
		{E6448DBB-C396-48CF-B8FA-EAFD33BC4D74}.Debug|Any CPU.ActiveCfg = Debug|Any CPU
		{E6448DBB-C396-48CF-B8FA-EAFD33BC4D74}.Debug|Any CPU.Build.0 = Debug|Any CPU
		{E6448DBB-C396-48CF-B8FA-EAFD33BC4D74}.Release|Any CPU.ActiveCfg = Release|Any CPU
		{E6448DBB-C396-48CF-B8FA-EAFD33BC4D74}.Release|Any CPU.Build.0 = Release|Any CPU
		{4454B8EF-BD85-4E7A-A6DB-403EE752A26D}.Debug|Any CPU.ActiveCfg = Debug|Any CPU
		{4454B8EF-BD85-4E7A-A6DB-403EE752A26D}.Debug|Any CPU.Build.0 = Debug|Any CPU
		{4454B8EF-BD85-4E7A-A6DB-403EE752A26D}.Release|Any CPU.ActiveCfg = Release|Any CPU
		{4454B8EF-BD85-4E7A-A6DB-403EE752A26D}.Release|Any CPU.Build.0 = Release|Any CPU
		{2C1FD032-F04F-4CA0-82EA-2D41E5CC5FEB}.Debug|Any CPU.ActiveCfg = Debug|Any CPU
		{2C1FD032-F04F-4CA0-82EA-2D41E5CC5FEB}.Debug|Any CPU.Build.0 = Debug|Any CPU
		{2C1FD032-F04F-4CA0-82EA-2D41E5CC5FEB}.Release|Any CPU.ActiveCfg = Release|Any CPU
		{2C1FD032-F04F-4CA0-82EA-2D41E5CC5FEB}.Release|Any CPU.Build.0 = Release|Any CPU
		{BCDF05BA-F8BC-4F81-AF42-335D4336E5E2}.Debug|Any CPU.ActiveCfg = Debug|Any CPU
		{BCDF05BA-F8BC-4F81-AF42-335D4336E5E2}.Debug|Any CPU.Build.0 = Debug|Any CPU
		{BCDF05BA-F8BC-4F81-AF42-335D4336E5E2}.Release|Any CPU.ActiveCfg = Release|Any CPU
		{BCDF05BA-F8BC-4F81-AF42-335D4336E5E2}.Release|Any CPU.Build.0 = Release|Any CPU
		{18B2D96F-4076-4BA4-B544-6D38BFA23B74}.Debug|Any CPU.ActiveCfg = Debug|Any CPU
		{18B2D96F-4076-4BA4-B544-6D38BFA23B74}.Debug|Any CPU.Build.0 = Debug|Any CPU
		{18B2D96F-4076-4BA4-B544-6D38BFA23B74}.Release|Any CPU.ActiveCfg = Release|Any CPU
		{18B2D96F-4076-4BA4-B544-6D38BFA23B74}.Release|Any CPU.Build.0 = Release|Any CPU
		{D41FB88B-E9DB-4DC5-8942-E2AA45EA4950}.Debug|Any CPU.ActiveCfg = Debug|Any CPU
		{D41FB88B-E9DB-4DC5-8942-E2AA45EA4950}.Debug|Any CPU.Build.0 = Debug|Any CPU
		{D41FB88B-E9DB-4DC5-8942-E2AA45EA4950}.Release|Any CPU.ActiveCfg = Release|Any CPU
		{D41FB88B-E9DB-4DC5-8942-E2AA45EA4950}.Release|Any CPU.Build.0 = Release|Any CPU
		{988E4650-20F4-47EA-AA8C-05E8A0FDA427}.Debug|Any CPU.ActiveCfg = Debug|Any CPU
		{988E4650-20F4-47EA-AA8C-05E8A0FDA427}.Debug|Any CPU.Build.0 = Debug|Any CPU
		{988E4650-20F4-47EA-AA8C-05E8A0FDA427}.Release|Any CPU.ActiveCfg = Release|Any CPU
		{988E4650-20F4-47EA-AA8C-05E8A0FDA427}.Release|Any CPU.Build.0 = Release|Any CPU
		{7408DAD7-AF5F-49FD-83E8-1B91BD64AB08}.Debug|Any CPU.ActiveCfg = Debug|Any CPU
		{7408DAD7-AF5F-49FD-83E8-1B91BD64AB08}.Debug|Any CPU.Build.0 = Debug|Any CPU
		{7408DAD7-AF5F-49FD-83E8-1B91BD64AB08}.Release|Any CPU.ActiveCfg = Release|Any CPU
		{7408DAD7-AF5F-49FD-83E8-1B91BD64AB08}.Release|Any CPU.Build.0 = Release|Any CPU
		{BDCC3F40-FF30-4C93-B72D-41A4443A8343}.Debug|Any CPU.ActiveCfg = Debug|Any CPU
		{BDCC3F40-FF30-4C93-B72D-41A4443A8343}.Debug|Any CPU.Build.0 = Debug|Any CPU
		{BDCC3F40-FF30-4C93-B72D-41A4443A8343}.Release|Any CPU.ActiveCfg = Release|Any CPU
		{BDCC3F40-FF30-4C93-B72D-41A4443A8343}.Release|Any CPU.Build.0 = Release|Any CPU
		{3459A519-3709-4484-83D1-2AC01F235D7B}.Debug|Any CPU.ActiveCfg = Debug|Any CPU
		{3459A519-3709-4484-83D1-2AC01F235D7B}.Debug|Any CPU.Build.0 = Debug|Any CPU
		{3459A519-3709-4484-83D1-2AC01F235D7B}.Release|Any CPU.ActiveCfg = Release|Any CPU
		{3459A519-3709-4484-83D1-2AC01F235D7B}.Release|Any CPU.Build.0 = Release|Any CPU
		{425E1215-AD36-44DF-8136-CDDE6BF3C305}.Debug|Any CPU.ActiveCfg = Debug|Any CPU
		{425E1215-AD36-44DF-8136-CDDE6BF3C305}.Debug|Any CPU.Build.0 = Debug|Any CPU
		{425E1215-AD36-44DF-8136-CDDE6BF3C305}.Release|Any CPU.ActiveCfg = Release|Any CPU
		{425E1215-AD36-44DF-8136-CDDE6BF3C305}.Release|Any CPU.Build.0 = Release|Any CPU
		{8C33B8A2-E361-47AB-8016-55D34E10C81E}.Debug|Any CPU.ActiveCfg = Debug|Any CPU
		{8C33B8A2-E361-47AB-8016-55D34E10C81E}.Debug|Any CPU.Build.0 = Debug|Any CPU
		{8C33B8A2-E361-47AB-8016-55D34E10C81E}.Release|Any CPU.ActiveCfg = Release|Any CPU
		{8C33B8A2-E361-47AB-8016-55D34E10C81E}.Release|Any CPU.Build.0 = Release|Any CPU
		{7B85092B-9EE9-45E8-8F46-006AF5FD07CB}.Debug|Any CPU.ActiveCfg = Debug|Any CPU
		{7B85092B-9EE9-45E8-8F46-006AF5FD07CB}.Debug|Any CPU.Build.0 = Debug|Any CPU
		{7B85092B-9EE9-45E8-8F46-006AF5FD07CB}.Release|Any CPU.ActiveCfg = Release|Any CPU
		{7B85092B-9EE9-45E8-8F46-006AF5FD07CB}.Release|Any CPU.Build.0 = Release|Any CPU
	EndGlobalSection
	GlobalSection(SolutionProperties) = preSolution
		HideSolutionNode = FALSE
	EndGlobalSection
	GlobalSection(NestedProjects) = preSolution
		{BCDF05BA-F8BC-4F81-AF42-335D4336E5E2} = {0A927ED1-E2A0-4128-AF7A-CF7152E404F5}
		{18B2D96F-4076-4BA4-B544-6D38BFA23B74} = {0A927ED1-E2A0-4128-AF7A-CF7152E404F5}
		{D41FB88B-E9DB-4DC5-8942-E2AA45EA4950} = {0A927ED1-E2A0-4128-AF7A-CF7152E404F5}
		{BDCC3F40-FF30-4C93-B72D-41A4443A8343} = {0A927ED1-E2A0-4128-AF7A-CF7152E404F5}
		{3459A519-3709-4484-83D1-2AC01F235D7B} = {0A927ED1-E2A0-4128-AF7A-CF7152E404F5}
		{425E1215-AD36-44DF-8136-CDDE6BF3C305} = {0A927ED1-E2A0-4128-AF7A-CF7152E404F5}
		{7B85092B-9EE9-45E8-8F46-006AF5FD07CB} = {0A927ED1-E2A0-4128-AF7A-CF7152E404F5}
		{B7C9E064-D4BE-469C-B811-8415F5DC79AD} = {662387C7-0662-4174-9BCB-C55D393CA944}
		{1788F87E-39C5-4639-8106-ECADB5BD9F62} = {662387C7-0662-4174-9BCB-C55D393CA944}
	EndGlobalSection
	GlobalSection(ExtensibilityGlobals) = postSolution
		SolutionGuid = {AE703196-5935-41FB-83E8-8DC5D4797DCF}
	EndGlobalSection
EndGlobal
